
Microsoft Visual Studio Solution File, Format Version 12.00
# Visual Studio 14
VisualStudioVersion = 14.0.23107.0
MinimumVisualStudioVersion = 10.0.40219.1
Project("{FAE04EC0-301F-11D3-BF4B-00C04F79EFBC}") = "TwitterWebApplication", "TwitterWebApplication\TwitterWebApplication.csproj", "{D8F42C8E-ACD5-4D5B-AFC8-999037ED47B1}"
EndProject
Project("{FAE04EC0-301F-11D3-BF4B-00C04F79EFBC}") = "ClientConfigurations", "ClientConfigurations\ClientConfigurations.csproj", "{A9ABADD4-A957-4ECB-A83D-92DAD3503D0C}"
EndProject
Project("{2150E333-8FDC-42A3-9474-1A3956D46DE8}") = "Security", "Security", "{7AD2B485-EB17-4F5B-9ACE-74719A7FCC33}"
	ProjectSection(SolutionItems) = preProject
		Security\AppSettingsSecrets.config = Security\AppSettingsSecrets.config
	EndProjectSection
EndProject
Project("{2150E333-8FDC-42A3-9474-1A3956D46DE8}") = "Solution Items", "Solution Items", "{0B755426-B440-4847-AA2F-883F9AA06B4F}"
	ProjectSection(SolutionItems) = preProject
		README.md = README.md
	EndProjectSection
EndProject
Project("{2150E333-8FDC-42A3-9474-1A3956D46DE8}") = "Wiki", "Wiki", "{8DD4A82C-5D6E-48D9-9246-AA2F1BB4BB98}"
	ProjectSection(SolutionItems) = preProject
		Wiki\SSL.md = Wiki\SSL.md
	EndProjectSection
EndProject
Project("{FAE04EC0-301F-11D3-BF4B-00C04F79EFBC}") = "TwitterApplicationLibrary", "TwitterApplicationLibrary\TwitterApplicationLibrary.csproj", "{654BFA01-EDBF-4C64-BCAB-D70E6DD3DD58}"
EndProject
Project("{FAE04EC0-301F-11D3-BF4B-00C04F79EFBC}") = "TwitterWebApplicationEntities", "TwitterWebApplicationEntities\TwitterWebApplicationEntities.csproj", "{D4887CA1-D51E-43AC-A9E2-3B300BF3ADA8}"
EndProject
Project("{FAE04EC0-301F-11D3-BF4B-00C04F79EFBC}") = "TwitterWebApplicationRepositories", "TwitterWebApplicationRepositories\TwitterWebApplicationRepositories.csproj", "{F5A1D901-95DA-4DBE-8EE6-D918FD2B3C20}"
EndProject
Project("{FAE04EC0-301F-11D3-BF4B-00C04F79EFBC}") = "TwitterWebApplicationDBContexts", "TwitterWebApplicationDBContexts\TwitterWebApplicationDBContexts.csproj", "{669D8F3F-620F-4F4A-ABD1-0C7F378A57DB}"
EndProject
Global
	GlobalSection(SolutionConfigurationPlatforms) = preSolution
		Debug|Any CPU = Debug|Any CPU
		Release|Any CPU = Release|Any CPU
	EndGlobalSection
	GlobalSection(ProjectConfigurationPlatforms) = postSolution
		{D8F42C8E-ACD5-4D5B-AFC8-999037ED47B1}.Debug|Any CPU.ActiveCfg = Debug|Any CPU
		{D8F42C8E-ACD5-4D5B-AFC8-999037ED47B1}.Debug|Any CPU.Build.0 = Debug|Any CPU
		{D8F42C8E-ACD5-4D5B-AFC8-999037ED47B1}.Release|Any CPU.ActiveCfg = Release|Any CPU
		{D8F42C8E-ACD5-4D5B-AFC8-999037ED47B1}.Release|Any CPU.Build.0 = Release|Any CPU
		{A9ABADD4-A957-4ECB-A83D-92DAD3503D0C}.Debug|Any CPU.ActiveCfg = Debug|Any CPU
		{A9ABADD4-A957-4ECB-A83D-92DAD3503D0C}.Debug|Any CPU.Build.0 = Debug|Any CPU
		{A9ABADD4-A957-4ECB-A83D-92DAD3503D0C}.Release|Any CPU.ActiveCfg = Release|Any CPU
		{A9ABADD4-A957-4ECB-A83D-92DAD3503D0C}.Release|Any CPU.Build.0 = Release|Any CPU
		{654BFA01-EDBF-4C64-BCAB-D70E6DD3DD58}.Debug|Any CPU.ActiveCfg = Debug|Any CPU
		{654BFA01-EDBF-4C64-BCAB-D70E6DD3DD58}.Debug|Any CPU.Build.0 = Debug|Any CPU
		{654BFA01-EDBF-4C64-BCAB-D70E6DD3DD58}.Release|Any CPU.ActiveCfg = Release|Any CPU
		{654BFA01-EDBF-4C64-BCAB-D70E6DD3DD58}.Release|Any CPU.Build.0 = Release|Any CPU
		{D4887CA1-D51E-43AC-A9E2-3B300BF3ADA8}.Debug|Any CPU.ActiveCfg = Debug|Any CPU
		{D4887CA1-D51E-43AC-A9E2-3B300BF3ADA8}.Debug|Any CPU.Build.0 = Debug|Any CPU
		{D4887CA1-D51E-43AC-A9E2-3B300BF3ADA8}.Release|Any CPU.ActiveCfg = Release|Any CPU
		{D4887CA1-D51E-43AC-A9E2-3B300BF3ADA8}.Release|Any CPU.Build.0 = Release|Any CPU
		{F5A1D901-95DA-4DBE-8EE6-D918FD2B3C20}.Debug|Any CPU.ActiveCfg = Debug|Any CPU
		{F5A1D901-95DA-4DBE-8EE6-D918FD2B3C20}.Debug|Any CPU.Build.0 = Debug|Any CPU
		{F5A1D901-95DA-4DBE-8EE6-D918FD2B3C20}.Release|Any CPU.ActiveCfg = Release|Any CPU
		{F5A1D901-95DA-4DBE-8EE6-D918FD2B3C20}.Release|Any CPU.Build.0 = Release|Any CPU
		{669D8F3F-620F-4F4A-ABD1-0C7F378A57DB}.Debug|Any CPU.ActiveCfg = Debug|Any CPU
		{669D8F3F-620F-4F4A-ABD1-0C7F378A57DB}.Debug|Any CPU.Build.0 = Debug|Any CPU
		{669D8F3F-620F-4F4A-ABD1-0C7F378A57DB}.Release|Any CPU.ActiveCfg = Release|Any CPU
		{669D8F3F-620F-4F4A-ABD1-0C7F378A57DB}.Release|Any CPU.Build.0 = Release|Any CPU
	EndGlobalSection
	GlobalSection(SolutionProperties) = preSolution
		HideSolutionNode = FALSE
	EndGlobalSection
EndGlobal
